
Microsoft Visual Studio Solution File, Format Version 12.00
# Visual Studio Version 17
VisualStudioVersion = 17.5.002.0
MinimumVisualStudioVersion = 10.0.40219.1
Project("{9A19103F-16F7-4668-BE54-9A1E7A4F7556}") = "CodeFire.API", "CodeFire.API\CodeFire.API.csproj", "{EB84BF35-7F34-44A6-9C88-D93F9D1CC30A}"
EndProject
Global
	GlobalSection(SolutionConfigurationPlatforms) = preSolution
		Debug|Any CPU = Debug|Any CPU
		Release|Any CPU = Release|Any CPU
	EndGlobalSection
	GlobalSection(ProjectConfigurationPlatforms) = postSolution
		{EB84BF35-7F34-44A6-9C88-D93F9D1CC30A}.Debug|Any CPU.ActiveCfg = Debug|Any CPU
		{EB84BF35-7F34-44A6-9C88-D93F9D1CC30A}.Debug|Any CPU.Build.0 = Debug|Any CPU
		{EB84BF35-7F34-44A6-9C88-D93F9D1CC30A}.Release|Any CPU.ActiveCfg = Release|Any CPU
		{EB84BF35-7F34-44A6-9C88-D93F9D1CC30A}.Release|Any CPU.Build.0 = Release|Any CPU
	EndGlobalSection
	GlobalSection(SolutionProperties) = preSolution
		HideSolutionNode = FALSE
	EndGlobalSection
	GlobalSection(ExtensibilityGlobals) = postSolution
		SolutionGuid = {7E9BF780-5C88-4C1A-8DD9-E6D888FB3D33}
	EndGlobalSection
EndGlobal
